
Microsoft Visual Studio Solution File, Format Version 12.00
# Visual Studio Version 16
VisualStudioVersion = 16.0.30804.86
MinimumVisualStudioVersion = 10.0.40219.1
Project("{9A19103F-16F7-4668-BE54-9A1E7A4F7556}") = "EconTest", "EconTest\EconTest.csproj", "{B8706EF9-9289-4E4C-B4E9-850B40D33E9E}"
EndProject
Project("{9A19103F-16F7-4668-BE54-9A1E7A4F7556}") = "EconRuntime", "EconRuntime\EconRuntime.csproj", "{7C4F5207-1153-440F-A527-E0405D033540}"
EndProject
Project("{9A19103F-16F7-4668-BE54-9A1E7A4F7556}") = "EconLibraries", "EconLibrary\EconLibraries.csproj", "{FD012117-A676-4401-8E64-7B54DA4544FC}"
	ProjectSection(ProjectDependencies) = postProject
		{96836A2C-9609-4E84-9C24-7296FCFD9C5A} = {96836A2C-9609-4E84-9C24-7296FCFD9C5A}
	EndProjectSection
EndProject
Project("{9A19103F-16F7-4668-BE54-9A1E7A4F7556}") = "CruzLibraries", "CruzLibrary\CruzLibraries.csproj", "{96836A2C-9609-4E84-9C24-7296FCFD9C5A}"
EndProject
Global
	GlobalSection(SolutionConfigurationPlatforms) = preSolution
		Debug|Any CPU = Debug|Any CPU
		Release|Any CPU = Release|Any CPU
	EndGlobalSection
	GlobalSection(ProjectConfigurationPlatforms) = postSolution
		{B8706EF9-9289-4E4C-B4E9-850B40D33E9E}.Debug|Any CPU.ActiveCfg = Debug|Any CPU
		{B8706EF9-9289-4E4C-B4E9-850B40D33E9E}.Debug|Any CPU.Build.0 = Debug|Any CPU
		{B8706EF9-9289-4E4C-B4E9-850B40D33E9E}.Release|Any CPU.ActiveCfg = Release|Any CPU
		{B8706EF9-9289-4E4C-B4E9-850B40D33E9E}.Release|Any CPU.Build.0 = Release|Any CPU
		{7C4F5207-1153-440F-A527-E0405D033540}.Debug|Any CPU.ActiveCfg = Debug|Any CPU
		{7C4F5207-1153-440F-A527-E0405D033540}.Debug|Any CPU.Build.0 = Debug|Any CPU
		{7C4F5207-1153-440F-A527-E0405D033540}.Release|Any CPU.ActiveCfg = Release|Any CPU
		{7C4F5207-1153-440F-A527-E0405D033540}.Release|Any CPU.Build.0 = Release|Any CPU
		{FD012117-A676-4401-8E64-7B54DA4544FC}.Debug|Any CPU.ActiveCfg = Debug|Any CPU
		{FD012117-A676-4401-8E64-7B54DA4544FC}.Debug|Any CPU.Build.0 = Debug|Any CPU
		{FD012117-A676-4401-8E64-7B54DA4544FC}.Release|Any CPU.ActiveCfg = Release|Any CPU
		{FD012117-A676-4401-8E64-7B54DA4544FC}.Release|Any CPU.Build.0 = Release|Any CPU
		{96836A2C-9609-4E84-9C24-7296FCFD9C5A}.Debug|Any CPU.ActiveCfg = Debug|Any CPU
		{96836A2C-9609-4E84-9C24-7296FCFD9C5A}.Debug|Any CPU.Build.0 = Debug|Any CPU
		{96836A2C-9609-4E84-9C24-7296FCFD9C5A}.Release|Any CPU.ActiveCfg = Release|Any CPU
		{96836A2C-9609-4E84-9C24-7296FCFD9C5A}.Release|Any CPU.Build.0 = Release|Any CPU
	EndGlobalSection
	GlobalSection(SolutionProperties) = preSolution
		HideSolutionNode = FALSE
	EndGlobalSection
	GlobalSection(ExtensibilityGlobals) = postSolution
		SolutionGuid = {F06B9B03-B1D3-4086-83AA-9A7E3EB1F4BC}
	EndGlobalSection
EndGlobal
